
Microsoft Visual Studio Solution File, Format Version 12.00
# Visual Studio Version 17
VisualStudioVersion = 17.6.33712.159
MinimumVisualStudioVersion = 10.0.40219.1
Project("{9A19103F-16F7-4668-BE54-9A1E7A4F7556}") = "SalesApi", "SalesApi.csproj", "{F0E41395-0387-43CB-BC5E-4AFB64464ADD}"
EndProject
Global
	GlobalSection(SolutionConfigurationPlatforms) = preSolution
		Debug|Any CPU = Debug|Any CPU
		Release|Any CPU = Release|Any CPU
	EndGlobalSection
	GlobalSection(ProjectConfigurationPlatforms) = postSolution
		{F0E41395-0387-43CB-BC5E-4AFB64464ADD}.Debug|Any CPU.ActiveCfg = Debug|Any CPU
		{F0E41395-0387-43CB-BC5E-4AFB64464ADD}.Debug|Any CPU.Build.0 = Debug|Any CPU
		{F0E41395-0387-43CB-BC5E-4AFB64464ADD}.Release|Any CPU.ActiveCfg = Release|Any CPU
		{F0E41395-0387-43CB-BC5E-4AFB64464ADD}.Release|Any CPU.Build.0 = Release|Any CPU
	EndGlobalSection
	GlobalSection(SolutionProperties) = preSolution
		HideSolutionNode = FALSE
	EndGlobalSection
	GlobalSection(ExtensibilityGlobals) = postSolution
		SolutionGuid = {BDFEE10F-4B5D-40B7-92BA-9D0E4E12D9F7}
	EndGlobalSection
EndGlobal
